version = 1
revision = 2
requires-python = ">=3.11"

[[package]]
name = "api"
version = "0.1.0"
source = { virtual = "." }
dependencies = [
    { name = "neo4j" },
    { name = "python-dotenv" },
]

[package.metadata]
requires-dist = [
    { name = "neo4j", specifier = ">=6.0.3" },
    { name = "python-dotenv", specifier = ">=1.2.1" },
]

[[package]]
name = "neo4j"
version = "6.0.3"
source = { registry = "https://pypi.org/simple" }
dependencies = [
    { name = "pytz" },
]
sdist = { url = "https://files.pythonhosted.org/packages/60/b2/87534fc0520e5f9db1432bacc3f8d0ce024608010babc4f65b96e0c34906/neo4j-6.0.3.tar.gz", hash = "sha256:7fb79e166e281aafd67d521f6611763ebcdc529f26db506c5605f91ddcd825ea", size = 239653, upload-time = "2025-11-06T16:57:57.012Z" }
wheels = [
    { url = "https://files.pythonhosted.org/packages/ba/fe/55ed1d4636defb57fae1f7be7818820aa8071d45949c91ef8649930e70c5/neo4j-6.0.3-py3-none-any.whl", hash = "sha256:a92023854da96aed4270e0d03d6429cdd7f0d3335eae977370934f4732de5678", size = 325433, upload-time = "2025-11-06T16:57:55.03Z" },
]

[[package]]
name = "python-dotenv"
version = "1.2.1"
source = { registry = "https://pypi.org/simple" }
sdist = { url = "https://files.pythonhosted.org/packages/f0/26/19cadc79a718c5edbec86fd4919a6b6d3f681039a2f6d66d14be94e75fb9/python_dotenv-1.2.1.tar.gz", hash = "sha256:42667e897e16ab0d66954af0e60a9caa94f0fd4ecf3aaf6d2d260eec1aa36ad6", size = 44221, upload-time = "2025-10-26T15:12:10.434Z" }
wheels = [
    { url = "https://files.pythonhosted.org/packages/14/1b/a298b06749107c305e1fe0f814c6c74aea7b2f1e10989cb30f544a1b3253/python_dotenv-1.2.1-py3-none-any.whl", hash = "sha256:b81ee9561e9ca4004139c6cbba3a238c32b03e4894671e181b671e8cb8425d61", size = 21230, upload-time = "2025-10-26T15:12:09.109Z" },
]

[[package]]
name = "pytz"
version = "2025.2"
source = { registry = "https://pypi.org/simple" }
sdist = { url = "https://files.pythonhosted.org/packages/f8/bf/abbd3cdfb8fbc7fb3d4d38d320f2441b1e7cbe29be4f23797b4a2b5d8aac/pytz-2025.2.tar.gz", hash = "sha256:360b9e3dbb49a209c21ad61809c7fb453643e048b38924c765813546746e81c3", size = 320884, upload-time = "2025-03-25T02:25:00.538Z" }
wheels = [
    { url = "https://files.pythonhosted.org/packages/81/c4/34e93fe5f5429d7570ec1fa436f1986fb1f00c3e0f43a589fe2bbcd22c3f/pytz-2025.2-py2.py3-none-any.whl", hash = "sha256:5ddf76296dd8c44c26eb8f4b6f35488f3ccbf6fbbd7adee0b7262d43f0ec2f00", size = 509225, upload-time = "2025-03-25T02:24:58.468Z" },
]
